// !$*UTF8*$!
{
	archiveVersion = 1;
	classes = {
	};
	objectVersion = 48;
	objects = {

/* Begin PBXBuildFile section */
		DA350F5721892D8200C949AF /* StatisticsWeekViewController.swift in Sources */ = {isa = PBXBuildFile; fileRef = DA350F5621892D8200C949AF /* StatisticsWeekViewController.swift */; };
		DA3B38FB21823F180056486B /* DurationPickerView.swift in Sources */ = {isa = PBXBuildFile; fileRef = DA3B38FA21823F180056486B /* DurationPickerView.swift */; };
		DA3B3900218278510056486B /* Day.swift in Sources */ = {isa = PBXBuildFile; fileRef = DA3B38FF218278510056486B /* Day.swift */; };
		DA3B3904218286F60056486B /* IncomeCalendar.swift in Sources */ = {isa = PBXBuildFile; fileRef = DA3B3903218286F60056486B /* IncomeCalendar.swift */; };
		DAC373F22186877D0091DD9B /* CloseViewController.swift in Sources */ = {isa = PBXBuildFile; fileRef = DAC373F12186877D0091DD9B /* CloseViewController.swift */; };
		DAE9B0C2217E6BD300CE67C5 /* AppDelegate.swift in Sources */ = {isa = PBXBuildFile; fileRef = DAE9B0C1217E6BD300CE67C5 /* AppDelegate.swift */; };
		DAE9B0C4217E6BD300CE67C5 /* StartNewWorkingDayViewController.swift in Sources */ = {isa = PBXBuildFile; fileRef = DAE9B0C3217E6BD300CE67C5 /* StartNewWorkingDayViewController.swift */; };
		DAE9B0C7217E6BD300CE67C5 /* Main.storyboard in Resources */ = {isa = PBXBuildFile; fileRef = DAE9B0C5217E6BD300CE67C5 /* Main.storyboard */; };
		DAE9B0C9217E6BD300CE67C5 /* Assets.xcassets in Resources */ = {isa = PBXBuildFile; fileRef = DAE9B0C8217E6BD300CE67C5 /* Assets.xcassets */; };
		DAE9B0CC217E6BD300CE67C5 /* LaunchScreen.storyboard in Resources */ = {isa = PBXBuildFile; fileRef = DAE9B0CA217E6BD300CE67C5 /* LaunchScreen.storyboard */; };
		DAFDE6C2217FA2D200AE8FFF /* EndWorkingDayViewController.swift in Sources */ = {isa = PBXBuildFile; fileRef = DAFDE6C1217FA2D200AE8FFF /* EndWorkingDayViewController.swift */; };
		DAFDE6C4217FBF6500AE8FFF /* ResultViewController.swift in Sources */ = {isa = PBXBuildFile; fileRef = DAFDE6C3217FBF6500AE8FFF /* ResultViewController.swift */; };
		DAFDE6C8217FDFC700AE8FFF /* BreakDurationViewController.swift in Sources */ = {isa = PBXBuildFile; fileRef = DAFDE6C7217FDFC700AE8FFF /* BreakDurationViewController.swift */; };
		DAFDE6CA218027EB00AE8FFF /* StatisticsDayViewController.swift in Sources */ = {isa = PBXBuildFile; fileRef = DAFDE6C9218027EB00AE8FFF /* StatisticsDayViewController.swift */; };
/* End PBXBuildFile section */

/* Begin PBXFileReference section */
		DA350F5621892D8200C949AF /* StatisticsWeekViewController.swift */ = {isa = PBXFileReference; lastKnownFileType = sourcecode.swift; name = StatisticsWeekViewController.swift; path = Views/StatisticsWeekViewController.swift; sourceTree = "<group>"; };
		DA3B38FA21823F180056486B /* DurationPickerView.swift */ = {isa = PBXFileReference; lastKnownFileType = sourcecode.swift; path = DurationPickerView.swift; sourceTree = "<group>"; };
		DA3B38FF218278510056486B /* Day.swift */ = {isa = PBXFileReference; lastKnownFileType = sourcecode.swift; path = Day.swift; sourceTree = "<group>"; };
		DA3B3903218286F60056486B /* IncomeCalendar.swift */ = {isa = PBXFileReference; lastKnownFileType = sourcecode.swift; path = IncomeCalendar.swift; sourceTree = "<group>"; };
		DA3B39062182949C0056486B /* DayTests.swift */ = {isa = PBXFileReference; lastKnownFileType = sourcecode.swift; path = DayTests.swift; sourceTree = "<group>"; };
		DA3B3910218295810056486B /* Info.plist */ = {isa = PBXFileReference; lastKnownFileType = text.plist.xml; path = Info.plist; sourceTree = "<group>"; };
		DAC373F12186877D0091DD9B /* CloseViewController.swift */ = {isa = PBXFileReference; lastKnownFileType = sourcecode.swift; name = CloseViewController.swift; path = Accounting/Views/CloseViewController.swift; sourceTree = SOURCE_ROOT; };
		DAE9B0BE217E6BD300CE67C5 /* Accounting.app */ = {isa = PBXFileReference; explicitFileType = wrapper.application; includeInIndex = 0; path = Accounting.app; sourceTree = BUILT_PRODUCTS_DIR; };
		DAE9B0C1217E6BD300CE67C5 /* AppDelegate.swift */ = {isa = PBXFileReference; lastKnownFileType = sourcecode.swift; path = AppDelegate.swift; sourceTree = "<group>"; };
		DAE9B0C3217E6BD300CE67C5 /* StartNewWorkingDayViewController.swift */ = {isa = PBXFileReference; lastKnownFileType = sourcecode.swift; path = StartNewWorkingDayViewController.swift; sourceTree = "<group>"; };
		DAE9B0C6217E6BD300CE67C5 /* Base */ = {isa = PBXFileReference; lastKnownFileType = file.storyboard; name = Base; path = Base.lproj/Main.storyboard; sourceTree = "<group>"; };
		DAE9B0C8217E6BD300CE67C5 /* Assets.xcassets */ = {isa = PBXFileReference; lastKnownFileType = folder.assetcatalog; path = Assets.xcassets; sourceTree = "<group>"; };
		DAE9B0CB217E6BD300CE67C5 /* Base */ = {isa = PBXFileReference; lastKnownFileType = file.storyboard; name = Base; path = Base.lproj/LaunchScreen.storyboard; sourceTree = "<group>"; };
		DAE9B0CD217E6BD300CE67C5 /* Info.plist */ = {isa = PBXFileReference; lastKnownFileType = text.plist.xml; path = Info.plist; sourceTree = "<group>"; };
		DAFDE6C1217FA2D200AE8FFF /* EndWorkingDayViewController.swift */ = {isa = PBXFileReference; lastKnownFileType = sourcecode.swift; path = EndWorkingDayViewController.swift; sourceTree = "<group>"; };
		DAFDE6C3217FBF6500AE8FFF /* ResultViewController.swift */ = {isa = PBXFileReference; lastKnownFileType = sourcecode.swift; path = ResultViewController.swift; sourceTree = "<group>"; };
		DAFDE6C7217FDFC700AE8FFF /* BreakDurationViewController.swift */ = {isa = PBXFileReference; lastKnownFileType = sourcecode.swift; path = BreakDurationViewController.swift; sourceTree = "<group>"; };
		DAFDE6C9218027EB00AE8FFF /* StatisticsDayViewController.swift */ = {isa = PBXFileReference; lastKnownFileType = sourcecode.swift; path = StatisticsDayViewController.swift; sourceTree = "<group>"; };
/* End PBXFileReference section */

/* Begin PBXFrameworksBuildPhase section */
		DAE9B0BB217E6BD300CE67C5 /* Frameworks */ = {
			isa = PBXFrameworksBuildPhase;
			buildActionMask = 2147483647;
			files = (
			);
			runOnlyForDeploymentPostprocessing = 0;
		};
/* End PBXFrameworksBuildPhase section */

/* Begin PBXGroup section */
		DA3B38FC218270070056486B /* Views */ = {
			isa = PBXGroup;
			children = (
				DAFDE6C9218027EB00AE8FFF /* StatisticsDayViewController.swift */,
				DAFDE6C7217FDFC700AE8FFF /* BreakDurationViewController.swift */,
				DAFDE6C3217FBF6500AE8FFF /* ResultViewController.swift */,
				DAE9B0C3217E6BD300CE67C5 /* StartNewWorkingDayViewController.swift */,
				DAFDE6C1217FA2D200AE8FFF /* EndWorkingDayViewController.swift */,
				DA3B38FA21823F180056486B /* DurationPickerView.swift */,
			);
			path = Views;
			sourceTree = "<group>";
		};
		DA3B38FD218271050056486B /* Supporting Files */ = {
			isa = PBXGroup;
			children = (
				DAE9B0C1217E6BD300CE67C5 /* AppDelegate.swift */,
				DAC373F12186877D0091DD9B /* CloseViewController.swift */,
				DAE9B0C8217E6BD300CE67C5 /* Assets.xcassets */,
				DAE9B0CA217E6BD300CE67C5 /* LaunchScreen.storyboard */,
			);
			path = "Supporting Files";
			sourceTree = "<group>";
		};
		DA3B38FE2182723A0056486B /* Models */ = {
			isa = PBXGroup;
			children = (
				DA3B38FF218278510056486B /* Day.swift */,
				DA3B3903218286F60056486B /* IncomeCalendar.swift */,
			);
			path = Models;
			sourceTree = "<group>";
		};
		DA3B390D218295810056486B /* AccountingTests */ = {
			isa = PBXGroup;
			children = (
				DA3B39062182949C0056486B /* DayTests.swift */,
				DA3B3910218295810056486B /* Info.plist */,
			);
			path = AccountingTests;
			sourceTree = "<group>";
		};
		DAE9B0B5217E6BD300CE67C5 = {
			isa = PBXGroup;
			children = (
				DAE9B0C0217E6BD300CE67C5 /* Accounting */,
				DA3B390D218295810056486B /* AccountingTests */,
				DAE9B0BF217E6BD300CE67C5 /* Products */,
			);
			sourceTree = "<group>";
		};
		DAE9B0BF217E6BD300CE67C5 /* Products */ = {
			isa = PBXGroup;
			children = (
				DAE9B0BE217E6BD300CE67C5 /* Accounting.app */,
			);
			name = Products;
			sourceTree = "<group>";
		};
		DAE9B0C0217E6BD300CE67C5 /* Accounting */ = {
			isa = PBXGroup;
			children = (
				DA3B38FE2182723A0056486B /* Models */,
				DA3B38FC218270070056486B /* Views */,
				DA3B38FD218271050056486B /* Supporting Files */,
				DAE9B0C5217E6BD300CE67C5 /* Main.storyboard */,
				DA350F5621892D8200C949AF /* StatisticsWeekViewController.swift */,
				DAE9B0CD217E6BD300CE67C5 /* Info.plist */,
			);
			path = Accounting;
			sourceTree = "<group>";
		};
/* End PBXGroup section */

/* Begin PBXNativeTarget section */
		DAE9B0BD217E6BD300CE67C5 /* Accounting */ = {
			isa = PBXNativeTarget;
			buildConfigurationList = DAE9B0D0217E6BD300CE67C5 /* Build configuration list for PBXNativeTarget "Accounting" */;
			buildPhases = (
				DAE9B0BA217E6BD300CE67C5 /* Sources */,
				DAE9B0BB217E6BD300CE67C5 /* Frameworks */,
				DAE9B0BC217E6BD300CE67C5 /* Resources */,
			);
			buildRules = (
			);
			dependencies = (
			);
			name = Accounting;
			productName = Accounting;
			productReference = DAE9B0BE217E6BD300CE67C5 /* Accounting.app */;
			productType = "com.apple.product-type.application";
		};
/* End PBXNativeTarget section */

/* Begin PBXProject section */
		DAE9B0B6217E6BD300CE67C5 /* Project object */ = {
			isa = PBXProject;
			attributes = {
				LastSwiftUpdateCheck = 0920;
				LastUpgradeCheck = 0920;
				ORGANIZATIONNAME = "Red Inc.";
				TargetAttributes = {
					DAE9B0BD217E6BD300CE67C5 = {
						CreatedOnToolsVersion = 9.2;
						ProvisioningStyle = Automatic;
					};
				};
			};
			buildConfigurationList = DAE9B0B9217E6BD300CE67C5 /* Build configuration list for PBXProject "Accounting" */;
			compatibilityVersion = "Xcode 8.0";
			developmentRegion = en;
			hasScannedForEncodings = 0;
			knownRegions = (
				en,
				Base,
			);
			mainGroup = DAE9B0B5217E6BD300CE67C5;
			productRefGroup = DAE9B0BF217E6BD300CE67C5 /* Products */;
			projectDirPath = "";
			projectRoot = "";
			targets = (
				DAE9B0BD217E6BD300CE67C5 /* Accounting */,
			);
		};
/* End PBXProject section */

/* Begin PBXResourcesBuildPhase section */
		DAE9B0BC217E6BD300CE67C5 /* Resources */ = {
			isa = PBXResourcesBuildPhase;
			buildActionMask = 2147483647;
			files = (
				DAE9B0CC217E6BD300CE67C5 /* LaunchScreen.storyboard in Resources */,
				DAE9B0C9217E6BD300CE67C5 /* Assets.xcassets in Resources */,
				DAE9B0C7217E6BD300CE67C5 /* Main.storyboard in Resources */,
			);
			runOnlyForDeploymentPostprocessing = 0;
		};
/* End PBXResourcesBuildPhase section */

/* Begin PBXSourcesBuildPhase section */
		DAE9B0BA217E6BD300CE67C5 /* Sources */ = {
			isa = PBXSourcesBuildPhase;
			buildActionMask = 2147483647;
			files = (
				DA3B38FB21823F180056486B /* DurationPickerView.swift in Sources */,
				DAFDE6C2217FA2D200AE8FFF /* EndWorkingDayViewController.swift in Sources */,
				DA3B3900218278510056486B /* Day.swift in Sources */,
				DAE9B0C4217E6BD300CE67C5 /* StartNewWorkingDayViewController.swift in Sources */,
				DA3B3904218286F60056486B /* IncomeCalendar.swift in Sources */,
				DAC373F22186877D0091DD9B /* CloseViewController.swift in Sources */,
				DAFDE6C8217FDFC700AE8FFF /* BreakDurationViewController.swift in Sources */,
				DAE9B0C2217E6BD300CE67C5 /* AppDelegate.swift in Sources */,
				DAFDE6CA218027EB00AE8FFF /* StatisticsDayViewController.swift in Sources */,
				DA350F5721892D8200C949AF /* StatisticsWeekViewController.swift in Sources */,
				DAFDE6C4217FBF6500AE8FFF /* ResultViewController.swift in Sources */,
			);
			runOnlyForDeploymentPostprocessing = 0;
		};
/* End PBXSourcesBuildPhase section */

/* Begin PBXVariantGroup section */
		DAE9B0C5217E6BD300CE67C5 /* Main.storyboard */ = {
			isa = PBXVariantGroup;
			children = (
				DAE9B0C6217E6BD300CE67C5 /* Base */,
			);
			name = Main.storyboard;
			sourceTree = "<group>";
		};
		DAE9B0CA217E6BD300CE67C5 /* LaunchScreen.storyboard */ = {
			isa = PBXVariantGroup;
			children = (
				DAE9B0CB217E6BD300CE67C5 /* Base */,
			);
			name = LaunchScreen.storyboard;
			sourceTree = "<group>";
		};
/* End PBXVariantGroup section */

/* Begin XCBuildConfiguration section */
		DAE9B0CE217E6BD300CE67C5 /* Debug */ = {
			isa = XCBuildConfiguration;
			buildSettings = {
				ALWAYS_SEARCH_USER_PATHS = NO;
				CLANG_ANALYZER_NONNULL = YES;
				CLANG_ANALYZER_NUMBER_OBJECT_CONVERSION = YES_AGGRESSIVE;
				CLANG_CXX_LANGUAGE_STANDARD = "gnu++14";
				CLANG_CXX_LIBRARY = "libc++";
				CLANG_ENABLE_MODULES = YES;
				CLANG_ENABLE_OBJC_ARC = YES;
				CLANG_WARN_BLOCK_CAPTURE_AUTORELEASING = YES;
				CLANG_WARN_BOOL_CONVERSION = YES;
				CLANG_WARN_COMMA = YES;
				CLANG_WARN_CONSTANT_CONVERSION = YES;
				CLANG_WARN_DIRECT_OBJC_ISA_USAGE = YES_ERROR;
				CLANG_WARN_DOCUMENTATION_COMMENTS = YES;
				CLANG_WARN_EMPTY_BODY = YES;
				CLANG_WARN_ENUM_CONVERSION = YES;
				CLANG_WARN_INFINITE_RECURSION = YES;
				CLANG_WARN_INT_CONVERSION = YES;
				CLANG_WARN_NON_LITERAL_NULL_CONVERSION = YES;
				CLANG_WARN_OBJC_LITERAL_CONVERSION = YES;
				CLANG_WARN_OBJC_ROOT_CLASS = YES_ERROR;
				CLANG_WARN_RANGE_LOOP_ANALYSIS = YES;
				CLANG_WARN_STRICT_PROTOTYPES = YES;
				CLANG_WARN_SUSPICIOUS_MOVE = YES;
				CLANG_WARN_UNGUARDED_AVAILABILITY = YES_AGGRESSIVE;
				CLANG_WARN_UNREACHABLE_CODE = YES;
				CLANG_WARN__DUPLICATE_METHOD_MATCH = YES;
				CODE_SIGN_IDENTITY = "iPhone Developer";
				COPY_PHASE_STRIP = NO;
				DEBUG_INFORMATION_FORMAT = dwarf;
				ENABLE_STRICT_OBJC_MSGSEND = YES;
				ENABLE_TESTABILITY = YES;
				GCC_C_LANGUAGE_STANDARD = gnu11;
				GCC_DYNAMIC_NO_PIC = NO;
				GCC_NO_COMMON_BLOCKS = YES;
				GCC_OPTIMIZATION_LEVEL = 0;
				GCC_PREPROCESSOR_DEFINITIONS = (
					"DEBUG=1",
					"$(inherited)",
				);
				GCC_WARN_64_TO_32_BIT_CONVERSION = YES;
				GCC_WARN_ABOUT_RETURN_TYPE = YES_ERROR;
				GCC_WARN_UNDECLARED_SELECTOR = YES;
				GCC_WARN_UNINITIALIZED_AUTOS = YES_AGGRESSIVE;
				GCC_WARN_UNUSED_FUNCTION = YES;
				GCC_WARN_UNUSED_VARIABLE = YES;
				IPHONEOS_DEPLOYMENT_TARGET = 11.2;
				MTL_ENABLE_DEBUG_INFO = YES;
				ONLY_ACTIVE_ARCH = YES;
				SDKROOT = iphoneos;
				SWIFT_ACTIVE_COMPILATION_CONDITIONS = DEBUG;
				SWIFT_OPTIMIZATION_LEVEL = "-Onone";
			};
			name = Debug;
		};
		DAE9B0CF217E6BD300CE67C5 /* Release */ = {
			isa = XCBuildConfiguration;
			buildSettings = {
				ALWAYS_SEARCH_USER_PATHS = NO;
				CLANG_ANALYZER_NONNULL = YES;
				CLANG_ANALYZER_NUMBER_OBJECT_CONVERSION = YES_AGGRESSIVE;
				CLANG_CXX_LANGUAGE_STANDARD = "gnu++14";
				CLANG_CXX_LIBRARY = "libc++";
				CLANG_ENABLE_MODULES = YES;
				CLANG_ENABLE_OBJC_ARC = YES;
				CLANG_WARN_BLOCK_CAPTURE_AUTORELEASING = YES;
				CLANG_WARN_BOOL_CONVERSION = YES;
				CLANG_WARN_COMMA = YES;
				CLANG_WARN_CONSTANT_CONVERSION = YES;
				CLANG_WARN_DIRECT_OBJC_ISA_USAGE = YES_ERROR;
				CLANG_WARN_DOCUMENTATION_COMMENTS = YES;
				CLANG_WARN_EMPTY_BODY = YES;
				CLANG_WARN_ENUM_CONVERSION = YES;
				CLANG_WARN_INFINITE_RECURSION = YES;
				CLANG_WARN_INT_CONVERSION = YES;
				CLANG_WARN_NON_LITERAL_NULL_CONVERSION = YES;
				CLANG_WARN_OBJC_LITERAL_CONVERSION = YES;
				CLANG_WARN_OBJC_ROOT_CLASS = YES_ERROR;
				CLANG_WARN_RANGE_LOOP_ANALYSIS = YES;
				CLANG_WARN_STRICT_PROTOTYPES = YES;
				CLANG_WARN_SUSPICIOUS_MOVE = YES;
				CLANG_WARN_UNGUARDED_AVAILABILITY = YES_AGGRESSIVE;
				CLANG_WARN_UNREACHABLE_CODE = YES;
				CLANG_WARN__DUPLICATE_METHOD_MATCH = YES;
				CODE_SIGN_IDENTITY = "iPhone Developer";
				COPY_PHASE_STRIP = NO;
				DEBUG_INFORMATION_FORMAT = "dwarf-with-dsym";
				ENABLE_NS_ASSERTIONS = NO;
				ENABLE_STRICT_OBJC_MSGSEND = YES;
				GCC_C_LANGUAGE_STANDARD = gnu11;
				GCC_NO_COMMON_BLOCKS = YES;
				GCC_WARN_64_TO_32_BIT_CONVERSION = YES;
				GCC_WARN_ABOUT_RETURN_TYPE = YES_ERROR;
				GCC_WARN_UNDECLARED_SELECTOR = YES;
				GCC_WARN_UNINITIALIZED_AUTOS = YES_AGGRESSIVE;
				GCC_WARN_UNUSED_FUNCTION = YES;
				GCC_WARN_UNUSED_VARIABLE = YES;
				IPHONEOS_DEPLOYMENT_TARGET = 11.2;
				MTL_ENABLE_DEBUG_INFO = NO;
				SDKROOT = iphoneos;
				SWIFT_OPTIMIZATION_LEVEL = "-Owholemodule";
				VALIDATE_PRODUCT = YES;
			};
			name = Release;
		};
		DAE9B0D1217E6BD300CE67C5 /* Debug */ = {
			isa = XCBuildConfiguration;
			buildSettings = {
				ASSETCATALOG_COMPILER_APPICON_NAME = "AppIcon-3";
				CODE_SIGN_STYLE = Automatic;
				DEVELOPMENT_TEAM = H4HP38Z7LW;
				INFOPLIST_FILE = Accounting/Info.plist;
				LD_RUNPATH_SEARCH_PATHS = "$(inherited) @executable_path/Frameworks";
				PRODUCT_BUNDLE_IDENTIFIER = dev.Accounting;
				PRODUCT_NAME = "$(TARGET_NAME)";
				SWIFT_VERSION = 4.0;
				TARGETED_DEVICE_FAMILY = "1,2";
			};
			name = Debug;
		};
		DAE9B0D2217E6BD300CE67C5 /* Release */ = {
			isa = XCBuildConfiguration;
			buildSettings = {
				ASSETCATALOG_COMPILER_APPICON_NAME = "AppIcon-3";
				CODE_SIGN_STYLE = Automatic;
				DEVELOPMENT_TEAM = H4HP38Z7LW;
				INFOPLIST_FILE = Accounting/Info.plist;
				LD_RUNPATH_SEARCH_PATHS = "$(inherited) @executable_path/Frameworks";
				PRODUCT_BUNDLE_IDENTIFIER = dev.Accounting;
				PRODUCT_NAME = "$(TARGET_NAME)";
				SWIFT_VERSION = 4.0;
				TARGETED_DEVICE_FAMILY = "1,2";
			};
			name = Release;
		};
/* End XCBuildConfiguration section */

/* Begin XCConfigurationList section */
		DAE9B0B9217E6BD300CE67C5 /* Build configuration list for PBXProject "Accounting" */ = {
			isa = XCConfigurationList;
			buildConfigurations = (
				DAE9B0CE217E6BD300CE67C5 /* Debug */,
				DAE9B0CF217E6BD300CE67C5 /* Release */,
			);
			defaultConfigurationIsVisible = 0;
			defaultConfigurationName = Release;
		};
		DAE9B0D0217E6BD300CE67C5 /* Build configuration list for PBXNativeTarget "Accounting" */ = {
			isa = XCConfigurationList;
			buildConfigurations = (
				DAE9B0D1217E6BD300CE67C5 /* Debug */,
				DAE9B0D2217E6BD300CE67C5 /* Release */,
			);
			defaultConfigurationIsVisible = 0;
			defaultConfigurationName = Release;
		};
/* End XCConfigurationList section */
	};
	rootObject = DAE9B0B6217E6BD300CE67C5 /* Project object */;
}
